
Microsoft Visual Studio Solution File, Format Version 12.00
# Visual Studio Version 17
VisualStudioVersion = 17.14.36127.28 d17.14
MinimumVisualStudioVersion = 10.0.40219.1
Project("{FAE04EC0-301F-11D3-BF4B-00C04F79EFBC}") = "Collections", "Collections\Collections.csproj", "{34E58906-B3DB-4EDA-AC67-429C935CD0DB}"
EndProject
Global
	GlobalSection(SolutionConfigurationPlatforms) = preSolution
		Debug|Any CPU = Debug|Any CPU
		Release|Any CPU = Release|Any CPU
	EndGlobalSection
	GlobalSection(ProjectConfigurationPlatforms) = postSolution
		{34E58906-B3DB-4EDA-AC67-429C935CD0DB}.Debug|Any CPU.ActiveCfg = Debug|Any CPU
		{34E58906-B3DB-4EDA-AC67-429C935CD0DB}.Debug|Any CPU.Build.0 = Debug|Any CPU
		{34E58906-B3DB-4EDA-AC67-429C935CD0DB}.Release|Any CPU.ActiveCfg = Release|Any CPU
		{34E58906-B3DB-4EDA-AC67-429C935CD0DB}.Release|Any CPU.Build.0 = Release|Any CPU
	EndGlobalSection
	GlobalSection(SolutionProperties) = preSolution
		HideSolutionNode = FALSE
	EndGlobalSection
	GlobalSection(ExtensibilityGlobals) = postSolution
		SolutionGuid = {3917C6BB-8183-486A-ABAE-1DE14023B3B5}
	EndGlobalSection
EndGlobal
